# @generated - this file is auto-generated by `mise lock` https://mise.en.dev/dev-tools/mise-lock.html

[[tools.opentofu]]
version = "1.11.6"
backend = "aqua:opentofu/opentofu"

[tools.opentofu."platforms.linux-arm64"]
checksum = "sha256:d4f2ab15776925864b049bb329d69682851de6f5204f256e9fa86d07a0308850"
url = "https://github.com/opentofu/opentofu/releases/download/v1.11.6/tofu_1.11.6_linux_arm64.tar.gz"
url_api = "https://api.github.com/repos/opentofu/opentofu/releases/assets/391536382"

[tools.opentofu."platforms.linux-arm64-musl"]
checksum = "sha256:d4f2ab15776925864b049bb329d69682851de6f5204f256e9fa86d07a0308850"
url = "https://github.com/opentofu/opentofu/releases/download/v1.11.6/tofu_1.11.6_linux_arm64.tar.gz"
url_api = "https://api.github.com/repos/opentofu/opentofu/releases/assets/391536382"

[tools.opentofu."platforms.linux-x64"]
checksum = "sha256:02800fafa2753a9f50c38483e2fdf5bc353fd62895eb9e25eec9a5145df3a69e"
url = "https://github.com/opentofu/opentofu/releases/download/v1.11.6/tofu_1.11.6_linux_amd64.tar.gz"
url_api = "https://api.github.com/repos/opentofu/opentofu/releases/assets/391536401"

[tools.opentofu."platforms.linux-x64-musl"]
checksum = "sha256:02800fafa2753a9f50c38483e2fdf5bc353fd62895eb9e25eec9a5145df3a69e"
url = "https://github.com/opentofu/opentofu/releases/download/v1.11.6/tofu_1.11.6_linux_amd64.tar.gz"
url_api = "https://api.github.com/repos/opentofu/opentofu/releases/assets/391536401"

[tools.opentofu."platforms.macos-arm64"]
checksum = "sha256:62d7fa8539e13b444827aa0a3b90c5972da5c47e8f8882d9dcf2e430e78840c1"
url = "https://github.com/opentofu/opentofu/releases/download/v1.11.6/tofu_1.11.6_darwin_arm64.tar.gz"
url_api = "https://api.github.com/repos/opentofu/opentofu/releases/assets/391536399"

[tools.opentofu."platforms.macos-x64"]
checksum = "sha256:1408cdef1c380f914565e6b4bb70794c6b163f195fcb233357f3d6c5745906b6"
url = "https://github.com/opentofu/opentofu/releases/download/v1.11.6/tofu_1.11.6_darwin_amd64.tar.gz"
url_api = "https://api.github.com/repos/opentofu/opentofu/releases/assets/391536384"

[tools.opentofu."platforms.windows-x64"]
checksum = "sha256:27323f70c875b8251bfd7e61a4cffc3ebff4e56ed1e611b955016f0c7077367e"
url = "https://github.com/opentofu/opentofu/releases/download/v1.11.6/tofu_1.11.6_windows_amd64.tar.gz"
url_api = "https://api.github.com/repos/opentofu/opentofu/releases/assets/391536406"

[[tools.terragrunt]]
version = "1.1.0"
backend = "aqua:gruntwork-io/terragrunt"

[tools.terragrunt."platforms.linux-arm64"]
checksum = "sha256:46bdd3cf156710bded8cd96077e65a3affa9f9c46686382e4d0e2a6d8b049924"
url = "https://github.com/gruntwork-io/terragrunt/releases/download/v1.1.0/terragrunt_linux_arm64.tar.gz"
url_api = "https://api.github.com/repos/gruntwork-io/terragrunt/releases/assets/463013070"

[tools.terragrunt."platforms.linux-arm64-musl"]
checksum = "sha256:46bdd3cf156710bded8cd96077e65a3affa9f9c46686382e4d0e2a6d8b049924"
url = "https://github.com/gruntwork-io/terragrunt/releases/download/v1.1.0/terragrunt_linux_arm64.tar.gz"
url_api = "https://api.github.com/repos/gruntwork-io/terragrunt/releases/assets/463013070"

[tools.terragrunt."platforms.linux-x64"]
checksum = "sha256:088ef297929d28f3abbd1c2851c5e8e6ba7fe551ac84451c16836d3e3ea8a76b"
url = "https://github.com/gruntwork-io/terragrunt/releases/download/v1.1.0/terragrunt_linux_amd64.tar.gz"
url_api = "https://api.github.com/repos/gruntwork-io/terragrunt/releases/assets/463012963"

[tools.terragrunt."platforms.linux-x64-musl"]
checksum = "sha256:088ef297929d28f3abbd1c2851c5e8e6ba7fe551ac84451c16836d3e3ea8a76b"
url = "https://github.com/gruntwork-io/terragrunt/releases/download/v1.1.0/terragrunt_linux_amd64.tar.gz"
url_api = "https://api.github.com/repos/gruntwork-io/terragrunt/releases/assets/463012963"

[tools.terragrunt."platforms.macos-arm64"]
checksum = "sha256:e741fff6df025c97acd57ddd5400fcbe51c81224f8caa64af74120f27455e1b7"
url = "https://github.com/gruntwork-io/terragrunt/releases/download/v1.1.0/terragrunt_darwin_arm64.tar.gz"
url_api = "https://api.github.com/repos/gruntwork-io/terragrunt/releases/assets/463012814"

[tools.terragrunt."platforms.macos-x64"]
checksum = "sha256:e583c2fe62e3f36de2e8431aef3eb6e7d3c41faecd2858f957a027c86440efdc"
url = "https://github.com/gruntwork-io/terragrunt/releases/download/v1.1.0/terragrunt_darwin_amd64.tar.gz"
url_api = "https://api.github.com/repos/gruntwork-io/terragrunt/releases/assets/463012700"

[tools.terragrunt."platforms.windows-x64"]
checksum = "sha256:bb6eb234a2536309cc4ec01dec3e69d8c5bca28222db65364da3256030e72ad9"
url = "https://github.com/gruntwork-io/terragrunt/releases/download/v1.1.0/terragrunt_windows_amd64.exe.tar.gz"
url_api = "https://api.github.com/repos/gruntwork-io/terragrunt/releases/assets/463013215"
